{
  "object": {
    "pins": [
      {
        "package": "TableKit",
        "repositoryURL": "https://github.com/maxsokolov/TableKit.git",
        "state": {
          "branch": null,
          "revision": "893d54d49c882090ca1fb0a2be8af490bbf9bbc4",
          "version": null
        }
      }
    ]
  },
  "version": 1
}
