// !$*UTF8*$!
{
	archiveVersion = 1;
	classes = {
	};
	objectVersion = 50;
	objects = {

/* Begin PBXBuildFile section */
		5F4C1B6325D32677006A84F9 /* AppDelegate.swift in Sources */ = {isa = PBXBuildFile; fileRef = 5F4C1B6225D32677006A84F9 /* AppDelegate.swift */; };
		5F4C1B6725D32677006A84F9 /* Tab1RootViewController.swift in Sources */ = {isa = PBXBuildFile; fileRef = 5F4C1B6625D32677006A84F9 /* Tab1RootViewController.swift */; };
		5F4C1B6A25D32677006A84F9 /* Main.storyboard in Resources */ = {isa = PBXBuildFile; fileRef = 5F4C1B6825D32677006A84F9 /* Main.storyboard */; };
		5F4C1B6C25D32679006A84F9 /* Assets.xcassets in Resources */ = {isa = PBXBuildFile; fileRef = 5F4C1B6B25D32679006A84F9 /* Assets.xcassets */; };
		5F4C1B6F25D32679006A84F9 /* LaunchScreen.storyboard in Resources */ = {isa = PBXBuildFile; fileRef = 5F4C1B6D25D32679006A84F9 /* LaunchScreen.storyboard */; };
		5F4C1B8925D327F1006A84F9 /* UIStoryboard+Ext.swift in Sources */ = {isa = PBXBuildFile; fileRef = 5F4C1B8825D327F1006A84F9 /* UIStoryboard+Ext.swift */; };
		5F4C1B8D25D32874006A84F9 /* UIApplication+Keyboard.swift in Sources */ = {isa = PBXBuildFile; fileRef = 5F4C1B8C25D32874006A84F9 /* UIApplication+Keyboard.swift */; };
		5F4C1B9125D328DF006A84F9 /* Tab2RootViewController.swift in Sources */ = {isa = PBXBuildFile; fileRef = 5F4C1B9025D328DF006A84F9 /* Tab2RootViewController.swift */; };
/* End PBXBuildFile section */

/* Begin PBXFileReference section */
		5F4C1B5F25D32677006A84F9 /* MobileDev.app */ = {isa = PBXFileReference; explicitFileType = wrapper.application; includeInIndex = 0; path = MobileDev.app; sourceTree = BUILT_PRODUCTS_DIR; };
		5F4C1B6225D32677006A84F9 /* AppDelegate.swift */ = {isa = PBXFileReference; lastKnownFileType = sourcecode.swift; path = AppDelegate.swift; sourceTree = "<group>"; };
		5F4C1B6625D32677006A84F9 /* Tab1RootViewController.swift */ = {isa = PBXFileReference; lastKnownFileType = sourcecode.swift; path = Tab1RootViewController.swift; sourceTree = "<group>"; };
		5F4C1B6925D32677006A84F9 /* Base */ = {isa = PBXFileReference; lastKnownFileType = file.storyboard; name = Base; path = Base.lproj/Main.storyboard; sourceTree = "<group>"; };
		5F4C1B6B25D32679006A84F9 /* Assets.xcassets */ = {isa = PBXFileReference; lastKnownFileType = folder.assetcatalog; path = Assets.xcassets; sourceTree = "<group>"; };
		5F4C1B6E25D32679006A84F9 /* Base */ = {isa = PBXFileReference; lastKnownFileType = file.storyboard; name = Base; path = Base.lproj/LaunchScreen.storyboard; sourceTree = "<group>"; };
		5F4C1B7025D32679006A84F9 /* Info.plist */ = {isa = PBXFileReference; lastKnownFileType = text.plist.xml; path = Info.plist; sourceTree = "<group>"; };
		5F4C1B8825D327F1006A84F9 /* UIStoryboard+Ext.swift */ = {isa = PBXFileReference; lastKnownFileType = sourcecode.swift; path = "UIStoryboard+Ext.swift"; sourceTree = "<group>"; };
		5F4C1B8C25D32874006A84F9 /* UIApplication+Keyboard.swift */ = {isa = PBXFileReference; lastKnownFileType = sourcecode.swift; path = "UIApplication+Keyboard.swift"; sourceTree = "<group>"; };
		5F4C1B9025D328DF006A84F9 /* Tab2RootViewController.swift */ = {isa = PBXFileReference; lastKnownFileType = sourcecode.swift; path = Tab2RootViewController.swift; sourceTree = "<group>"; };
		5F4C1B9925D33362006A84F9 /* ProgrammingAssignment1_2.playground */ = {isa = PBXFileReference; lastKnownFileType = file.playground; path = ProgrammingAssignment1_2.playground; sourceTree = "<group>"; xcLanguageSpecificationIdentifier = xcode.lang.swift; };
/* End PBXFileReference section */

/* Begin PBXFrameworksBuildPhase section */
		5F4C1B5C25D32677006A84F9 /* Frameworks */ = {
			isa = PBXFrameworksBuildPhase;
			buildActionMask = 2147483647;
			files = (
			);
			runOnlyForDeploymentPostprocessing = 0;
		};
/* End PBXFrameworksBuildPhase section */

/* Begin PBXGroup section */
		5F4C1B5625D32677006A84F9 = {
			isa = PBXGroup;
			children = (
				5F4C1B9925D33362006A84F9 /* ProgrammingAssignment1_2.playground */,
				5F4C1B6125D32677006A84F9 /* MobileDev */,
				5F4C1B6025D32677006A84F9 /* Products */,
			);
			sourceTree = "<group>";
		};
		5F4C1B6025D32677006A84F9 /* Products */ = {
			isa = PBXGroup;
			children = (
				5F4C1B5F25D32677006A84F9 /* MobileDev.app */,
			);
			name = Products;
			sourceTree = "<group>";
		};
		5F4C1B6125D32677006A84F9 /* MobileDev */ = {
			isa = PBXGroup;
			children = (
				5F4C1B7925D326BA006A84F9 /* Classes */,
				5F4C1B7A25D326CB006A84F9 /* Common */,
				5F4C1B7B25D326D1006A84F9 /* Resources */,
				5F4C1B9425D32EF8006A84F9 /* Storyboards */,
			);
			path = MobileDev;
			sourceTree = "<group>";
		};
		5F4C1B7925D326BA006A84F9 /* Classes */ = {
			isa = PBXGroup;
			children = (
				5F4C1B7F25D3271D006A84F9 /* ViewControllers */,
			);
			path = Classes;
			sourceTree = "<group>";
		};
		5F4C1B7A25D326CB006A84F9 /* Common */ = {
			isa = PBXGroup;
			children = (
				5F4C1B8425D327B5006A84F9 /* Extensions */,
				5F4C1B7D25D32707006A84F9 /* App */,
			);
			path = Common;
			sourceTree = "<group>";
		};
		5F4C1B7B25D326D1006A84F9 /* Resources */ = {
			isa = PBXGroup;
			children = (
				5F4C1B6B25D32679006A84F9 /* Assets.xcassets */,
				5F4C1B7025D32679006A84F9 /* Info.plist */,
			);
			path = Resources;
			sourceTree = "<group>";
		};
		5F4C1B7D25D32707006A84F9 /* App */ = {
			isa = PBXGroup;
			children = (
				5F4C1B6225D32677006A84F9 /* AppDelegate.swift */,
			);
			path = App;
			sourceTree = "<group>";
		};
		5F4C1B7F25D3271D006A84F9 /* ViewControllers */ = {
			isa = PBXGroup;
			children = (
				5F4C1B8225D32750006A84F9 /* Tab1 */,
				5F4C1B8F25D328CF006A84F9 /* Tab2 */,
			);
			path = ViewControllers;
			sourceTree = "<group>";
		};
		5F4C1B8225D32750006A84F9 /* Tab1 */ = {
			isa = PBXGroup;
			children = (
				5F4C1B6625D32677006A84F9 /* Tab1RootViewController.swift */,
			);
			path = Tab1;
			sourceTree = "<group>";
		};
		5F4C1B8425D327B5006A84F9 /* Extensions */ = {
			isa = PBXGroup;
			children = (
				5F4C1B8625D327C2006A84F9 /* UIApplication */,
				5F4C1B8525D327BC006A84F9 /* UIKit */,
			);
			path = Extensions;
			sourceTree = "<group>";
		};
		5F4C1B8525D327BC006A84F9 /* UIKit */ = {
			isa = PBXGroup;
			children = (
				5F4C1B8725D327DA006A84F9 /* UIStoryboard */,
			);
			path = UIKit;
			sourceTree = "<group>";
		};
		5F4C1B8625D327C2006A84F9 /* UIApplication */ = {
			isa = PBXGroup;
			children = (
				5F4C1B8C25D32874006A84F9 /* UIApplication+Keyboard.swift */,
			);
			path = UIApplication;
			sourceTree = "<group>";
		};
		5F4C1B8725D327DA006A84F9 /* UIStoryboard */ = {
			isa = PBXGroup;
			children = (
				5F4C1B8825D327F1006A84F9 /* UIStoryboard+Ext.swift */,
			);
			path = UIStoryboard;
			sourceTree = "<group>";
		};
		5F4C1B8F25D328CF006A84F9 /* Tab2 */ = {
			isa = PBXGroup;
			children = (
				5F4C1B9025D328DF006A84F9 /* Tab2RootViewController.swift */,
			);
			path = Tab2;
			sourceTree = "<group>";
		};
		5F4C1B9425D32EF8006A84F9 /* Storyboards */ = {
			isa = PBXGroup;
			children = (
				5F4C1B6825D32677006A84F9 /* Main.storyboard */,
				5F4C1B6D25D32679006A84F9 /* LaunchScreen.storyboard */,
			);
			path = Storyboards;
			sourceTree = "<group>";
		};
/* End PBXGroup section */

/* Begin PBXNativeTarget section */
		5F4C1B5E25D32677006A84F9 /* MobileDev */ = {
			isa = PBXNativeTarget;
			buildConfigurationList = 5F4C1B7325D32679006A84F9 /* Build configuration list for PBXNativeTarget "MobileDev" */;
			buildPhases = (
				5F4C1B5B25D32677006A84F9 /* Sources */,
				5F4C1B5C25D32677006A84F9 /* Frameworks */,
				5F4C1B5D25D32677006A84F9 /* Resources */,
			);
			buildRules = (
			);
			dependencies = (
			);
			name = MobileDev;
			productName = MobileDev;
			productReference = 5F4C1B5F25D32677006A84F9 /* MobileDev.app */;
			productType = "com.apple.product-type.application";
		};
/* End PBXNativeTarget section */

/* Begin PBXProject section */
		5F4C1B5725D32677006A84F9 /* Project object */ = {
			isa = PBXProject;
			attributes = {
				LastSwiftUpdateCheck = 1240;
				LastUpgradeCheck = 1240;
				TargetAttributes = {
					5F4C1B5E25D32677006A84F9 = {
						CreatedOnToolsVersion = 12.4;
					};
				};
			};
			buildConfigurationList = 5F4C1B5A25D32677006A84F9 /* Build configuration list for PBXProject "MobileDev" */;
			compatibilityVersion = "Xcode 9.3";
			developmentRegion = en;
			hasScannedForEncodings = 0;
			knownRegions = (
				en,
				Base,
			);
			mainGroup = 5F4C1B5625D32677006A84F9;
			productRefGroup = 5F4C1B6025D32677006A84F9 /* Products */;
			projectDirPath = "";
			projectRoot = "";
			targets = (
				5F4C1B5E25D32677006A84F9 /* MobileDev */,
			);
		};
/* End PBXProject section */

/* Begin PBXResourcesBuildPhase section */
		5F4C1B5D25D32677006A84F9 /* Resources */ = {
			isa = PBXResourcesBuildPhase;
			buildActionMask = 2147483647;
			files = (
				5F4C1B6F25D32679006A84F9 /* LaunchScreen.storyboard in Resources */,
				5F4C1B6C25D32679006A84F9 /* Assets.xcassets in Resources */,
				5F4C1B6A25D32677006A84F9 /* Main.storyboard in Resources */,
			);
			runOnlyForDeploymentPostprocessing = 0;
		};
/* End PBXResourcesBuildPhase section */

/* Begin PBXSourcesBuildPhase section */
		5F4C1B5B25D32677006A84F9 /* Sources */ = {
			isa = PBXSourcesBuildPhase;
			buildActionMask = 2147483647;
			files = (
				5F4C1B9125D328DF006A84F9 /* Tab2RootViewController.swift in Sources */,
				5F4C1B6725D32677006A84F9 /* Tab1RootViewController.swift in Sources */,
				5F4C1B8D25D32874006A84F9 /* UIApplication+Keyboard.swift in Sources */,
				5F4C1B6325D32677006A84F9 /* AppDelegate.swift in Sources */,
				5F4C1B8925D327F1006A84F9 /* UIStoryboard+Ext.swift in Sources */,
			);
			runOnlyForDeploymentPostprocessing = 0;
		};
/* End PBXSourcesBuildPhase section */

/* Begin PBXVariantGroup section */
		5F4C1B6825D32677006A84F9 /* Main.storyboard */ = {
			isa = PBXVariantGroup;
			children = (
				5F4C1B6925D32677006A84F9 /* Base */,
			);
			name = Main.storyboard;
			sourceTree = "<group>";
		};
		5F4C1B6D25D32679006A84F9 /* LaunchScreen.storyboard */ = {
			isa = PBXVariantGroup;
			children = (
				5F4C1B6E25D32679006A84F9 /* Base */,
			);
			name = LaunchScreen.storyboard;
			sourceTree = "<group>";
		};
/* End PBXVariantGroup section */

/* Begin XCBuildConfiguration section */
		5F4C1B7125D32679006A84F9 /* Debug */ = {
			isa = XCBuildConfiguration;
			buildSettings = {
				ALWAYS_SEARCH_USER_PATHS = NO;
				CLANG_ANALYZER_NONNULL = YES;
				CLANG_ANALYZER_NUMBER_OBJECT_CONVERSION = YES_AGGRESSIVE;
				CLANG_CXX_LANGUAGE_STANDARD = "gnu++14";
				CLANG_CXX_LIBRARY = "libc++";
				CLANG_ENABLE_MODULES = YES;
				CLANG_ENABLE_OBJC_ARC = YES;
				CLANG_ENABLE_OBJC_WEAK = YES;
				CLANG_WARN_BLOCK_CAPTURE_AUTORELEASING = YES;
				CLANG_WARN_BOOL_CONVERSION = YES;
				CLANG_WARN_COMMA = YES;
				CLANG_WARN_CONSTANT_CONVERSION = YES;
				CLANG_WARN_DEPRECATED_OBJC_IMPLEMENTATIONS = YES;
				CLANG_WARN_DIRECT_OBJC_ISA_USAGE = YES_ERROR;
				CLANG_WARN_DOCUMENTATION_COMMENTS = YES;
				CLANG_WARN_EMPTY_BODY = YES;
				CLANG_WARN_ENUM_CONVERSION = YES;
				CLANG_WARN_INFINITE_RECURSION = YES;
				CLANG_WARN_INT_CONVERSION = YES;
				CLANG_WARN_NON_LITERAL_NULL_CONVERSION = YES;
				CLANG_WARN_OBJC_IMPLICIT_RETAIN_SELF = YES;
				CLANG_WARN_OBJC_LITERAL_CONVERSION = YES;
				CLANG_WARN_OBJC_ROOT_CLASS = YES_ERROR;
				CLANG_WARN_QUOTED_INCLUDE_IN_FRAMEWORK_HEADER = YES;
				CLANG_WARN_RANGE_LOOP_ANALYSIS = YES;
				CLANG_WARN_STRICT_PROTOTYPES = YES;
				CLANG_WARN_SUSPICIOUS_MOVE = YES;
				CLANG_WARN_UNGUARDED_AVAILABILITY = YES_AGGRESSIVE;
				CLANG_WARN_UNREACHABLE_CODE = YES;
				CLANG_WARN__DUPLICATE_METHOD_MATCH = YES;
				COPY_PHASE_STRIP = NO;
				DEBUG_INFORMATION_FORMAT = dwarf;
				ENABLE_STRICT_OBJC_MSGSEND = YES;
				ENABLE_TESTABILITY = YES;
				GCC_C_LANGUAGE_STANDARD = gnu11;
				GCC_DYNAMIC_NO_PIC = NO;
				GCC_NO_COMMON_BLOCKS = YES;
				GCC_OPTIMIZATION_LEVEL = 0;
				GCC_PREPROCESSOR_DEFINITIONS = (
					"DEBUG=1",
					"$(inherited)",
				);
				GCC_WARN_64_TO_32_BIT_CONVERSION = YES;
				GCC_WARN_ABOUT_RETURN_TYPE = YES_ERROR;
				GCC_WARN_UNDECLARED_SELECTOR = YES;
				GCC_WARN_UNINITIALIZED_AUTOS = YES_AGGRESSIVE;
				GCC_WARN_UNUSED_FUNCTION = YES;
				GCC_WARN_UNUSED_VARIABLE = YES;
				IPHONEOS_DEPLOYMENT_TARGET = 14.4;
				MTL_ENABLE_DEBUG_INFO = INCLUDE_SOURCE;
				MTL_FAST_MATH = YES;
				ONLY_ACTIVE_ARCH = YES;
				SDKROOT = iphoneos;
				SWIFT_ACTIVE_COMPILATION_CONDITIONS = DEBUG;
				SWIFT_OPTIMIZATION_LEVEL = "-Onone";
			};
			name = Debug;
		};
		5F4C1B7225D32679006A84F9 /* Release */ = {
			isa = XCBuildConfiguration;
			buildSettings = {
				ALWAYS_SEARCH_USER_PATHS = NO;
				CLANG_ANALYZER_NONNULL = YES;
				CLANG_ANALYZER_NUMBER_OBJECT_CONVERSION = YES_AGGRESSIVE;
				CLANG_CXX_LANGUAGE_STANDARD = "gnu++14";
				CLANG_CXX_LIBRARY = "libc++";
				CLANG_ENABLE_MODULES = YES;
				CLANG_ENABLE_OBJC_ARC = YES;
				CLANG_ENABLE_OBJC_WEAK = YES;
				CLANG_WARN_BLOCK_CAPTURE_AUTORELEASING = YES;
				CLANG_WARN_BOOL_CONVERSION = YES;
				CLANG_WARN_COMMA = YES;
				CLANG_WARN_CONSTANT_CONVERSION = YES;
				CLANG_WARN_DEPRECATED_OBJC_IMPLEMENTATIONS = YES;
				CLANG_WARN_DIRECT_OBJC_ISA_USAGE = YES_ERROR;
				CLANG_WARN_DOCUMENTATION_COMMENTS = YES;
				CLANG_WARN_EMPTY_BODY = YES;
				CLANG_WARN_ENUM_CONVERSION = YES;
				CLANG_WARN_INFINITE_RECURSION = YES;
				CLANG_WARN_INT_CONVERSION = YES;
				CLANG_WARN_NON_LITERAL_NULL_CONVERSION = YES;
				CLANG_WARN_OBJC_IMPLICIT_RETAIN_SELF = YES;
				CLANG_WARN_OBJC_LITERAL_CONVERSION = YES;
				CLANG_WARN_OBJC_ROOT_CLASS = YES_ERROR;
				CLANG_WARN_QUOTED_INCLUDE_IN_FRAMEWORK_HEADER = YES;
				CLANG_WARN_RANGE_LOOP_ANALYSIS = YES;
				CLANG_WARN_STRICT_PROTOTYPES = YES;
				CLANG_WARN_SUSPICIOUS_MOVE = YES;
				CLANG_WARN_UNGUARDED_AVAILABILITY = YES_AGGRESSIVE;
				CLANG_WARN_UNREACHABLE_CODE = YES;
				CLANG_WARN__DUPLICATE_METHOD_MATCH = YES;
				COPY_PHASE_STRIP = NO;
				DEBUG_INFORMATION_FORMAT = "dwarf-with-dsym";
				ENABLE_NS_ASSERTIONS = NO;
				ENABLE_STRICT_OBJC_MSGSEND = YES;
				GCC_C_LANGUAGE_STANDARD = gnu11;
				GCC_NO_COMMON_BLOCKS = YES;
				GCC_WARN_64_TO_32_BIT_CONVERSION = YES;
				GCC_WARN_ABOUT_RETURN_TYPE = YES_ERROR;
				GCC_WARN_UNDECLARED_SELECTOR = YES;
				GCC_WARN_UNINITIALIZED_AUTOS = YES_AGGRESSIVE;
				GCC_WARN_UNUSED_FUNCTION = YES;
				GCC_WARN_UNUSED_VARIABLE = YES;
				IPHONEOS_DEPLOYMENT_TARGET = 14.4;
				MTL_ENABLE_DEBUG_INFO = NO;
				MTL_FAST_MATH = YES;
				SDKROOT = iphoneos;
				SWIFT_COMPILATION_MODE = wholemodule;
				SWIFT_OPTIMIZATION_LEVEL = "-O";
				VALIDATE_PRODUCT = YES;
			};
			name = Release;
		};
		5F4C1B7425D32679006A84F9 /* Debug */ = {
			isa = XCBuildConfiguration;
			buildSettings = {
				ASSETCATALOG_COMPILER_APPICON_NAME = AppIcon;
				ASSETCATALOG_COMPILER_GLOBAL_ACCENT_COLOR_NAME = AccentColor;
				CODE_SIGN_STYLE = Automatic;
				DEVELOPMENT_TEAM = M92VXVU7J9;
				INFOPLIST_FILE = MobileDev/Resources/Info.plist;
				LD_RUNPATH_SEARCH_PATHS = (
					"$(inherited)",
					"@executable_path/Frameworks",
				);
				PRODUCT_BUNDLE_IDENTIFIER = ua.kpi.comsys.iv8208.MobileDev;
				PRODUCT_NAME = "$(TARGET_NAME)";
				SWIFT_VERSION = 5.0;
				TARGETED_DEVICE_FAMILY = "1,2";
			};
			name = Debug;
		};
		5F4C1B7525D32679006A84F9 /* Release */ = {
			isa = XCBuildConfiguration;
			buildSettings = {
				ASSETCATALOG_COMPILER_APPICON_NAME = AppIcon;
				ASSETCATALOG_COMPILER_GLOBAL_ACCENT_COLOR_NAME = AccentColor;
				CODE_SIGN_STYLE = Automatic;
				DEVELOPMENT_TEAM = M92VXVU7J9;
				INFOPLIST_FILE = MobileDev/Resources/Info.plist;
				LD_RUNPATH_SEARCH_PATHS = (
					"$(inherited)",
					"@executable_path/Frameworks",
				);
				PRODUCT_BUNDLE_IDENTIFIER = ua.kpi.comsys.iv8208.MobileDev;
				PRODUCT_NAME = "$(TARGET_NAME)";
				SWIFT_VERSION = 5.0;
				TARGETED_DEVICE_FAMILY = "1,2";
			};
			name = Release;
		};
/* End XCBuildConfiguration section */

/* Begin XCConfigurationList section */
		5F4C1B5A25D32677006A84F9 /* Build configuration list for PBXProject "MobileDev" */ = {
			isa = XCConfigurationList;
			buildConfigurations = (
				5F4C1B7125D32679006A84F9 /* Debug */,
				5F4C1B7225D32679006A84F9 /* Release */,
			);
			defaultConfigurationIsVisible = 0;
			defaultConfigurationName = Release;
		};
		5F4C1B7325D32679006A84F9 /* Build configuration list for PBXNativeTarget "MobileDev" */ = {
			isa = XCConfigurationList;
			buildConfigurations = (
				5F4C1B7425D32679006A84F9 /* Debug */,
				5F4C1B7525D32679006A84F9 /* Release */,
			);
			defaultConfigurationIsVisible = 0;
			defaultConfigurationName = Release;
		};
/* End XCConfigurationList section */
	};
	rootObject = 5F4C1B5725D32677006A84F9 /* Project object */;
}
