// !$*UTF8*$!
{
	archiveVersion = 1;
	classes = {
	};
	objectVersion = 52;
	objects = {

/* Begin PBXBuildFile section */
		5F0D3E4F25D5919A0060E84C /* MoviesManager.swift in Sources */ = {isa = PBXBuildFile; fileRef = 5F0D3E4E25D5919A0060E84C /* MoviesManager.swift */; };
		5F0D3E7325D5DF980060E84C /* tt0080684.txt in Resources */ = {isa = PBXBuildFile; fileRef = 5F0D3E6925D5DF970060E84C /* tt0080684.txt */; };
		5F0D3E7425D5DF980060E84C /* tt0796366.txt in Resources */ = {isa = PBXBuildFile; fileRef = 5F0D3E6A25D5DF970060E84C /* tt0796366.txt */; };
		5F0D3E7525D5DF980060E84C /* tt2527336.txt in Resources */ = {isa = PBXBuildFile; fileRef = 5F0D3E6B25D5DF970060E84C /* tt2527336.txt */; };
		5F0D3E7625D5DF980060E84C /* tt0121765.txt in Resources */ = {isa = PBXBuildFile; fileRef = 5F0D3E6C25D5DF980060E84C /* tt0121765.txt */; };
		5F0D3E7725D5DF980060E84C /* tt3748528.txt in Resources */ = {isa = PBXBuildFile; fileRef = 5F0D3E6D25D5DF980060E84C /* tt3748528.txt */; };
		5F0D3E7825D5DF980060E84C /* tt2488496.txt in Resources */ = {isa = PBXBuildFile; fileRef = 5F0D3E6E25D5DF980060E84C /* tt2488496.txt */; };
		5F0D3E7925D5DF980060E84C /* tt0086190.txt in Resources */ = {isa = PBXBuildFile; fileRef = 5F0D3E6F25D5DF980060E84C /* tt0086190.txt */; };
		5F0D3E7A25D5DF980060E84C /* tt0076759.txt in Resources */ = {isa = PBXBuildFile; fileRef = 5F0D3E7025D5DF980060E84C /* tt0076759.txt */; };
		5F0D3E7B25D5DF980060E84C /* tt0120915.txt in Resources */ = {isa = PBXBuildFile; fileRef = 5F0D3E7125D5DF980060E84C /* tt0120915.txt */; };
		5F0D3E7C25D5DF980060E84C /* tt0121766.txt in Resources */ = {isa = PBXBuildFile; fileRef = 5F0D3E7225D5DF980060E84C /* tt0121766.txt */; };
		5F0D3E7F25D5DFB60060E84C /* MovieDetailViewController.swift in Sources */ = {isa = PBXBuildFile; fileRef = 5F0D3E7E25D5DFB60060E84C /* MovieDetailViewController.swift */; };
		5F0D3E8A25D5E62B0060E84C /* UIResponder+Identifier.swift in Sources */ = {isa = PBXBuildFile; fileRef = 5F0D3E8925D5E62B0060E84C /* UIResponder+Identifier.swift */; };
		5F0D3E8E25D5E6820060E84C /* UIView+FromNib.swift in Sources */ = {isa = PBXBuildFile; fileRef = 5F0D3E8D25D5E6820060E84C /* UIView+FromNib.swift */; };
		5F0D3E9325D5F9F40060E84C /* CustomNavigationViewController.swift in Sources */ = {isa = PBXBuildFile; fileRef = 5F0D3E9225D5F9F40060E84C /* CustomNavigationViewController.swift */; };
		5F12156225E9701900B7FBDE /* MovieDetailSectionView.swift in Sources */ = {isa = PBXBuildFile; fileRef = 5F12156125E9701900B7FBDE /* MovieDetailSectionView.swift */; };
		5F12156525E9702200B7FBDE /* MovieDetailSectionView.xib in Resources */ = {isa = PBXBuildFile; fileRef = 5F12156425E9702200B7FBDE /* MovieDetailSectionView.xib */; };
		5F328AD325E95DE3007FD653 /* ShadowRoundedImageView.swift in Sources */ = {isa = PBXBuildFile; fileRef = 5F328AD225E95DE3007FD653 /* ShadowRoundedImageView.swift */; };
		5F4C1B6325D32677006A84F9 /* AppDelegate.swift in Sources */ = {isa = PBXBuildFile; fileRef = 5F4C1B6225D32677006A84F9 /* AppDelegate.swift */; };
		5F4C1B6725D32677006A84F9 /* Tab1RootViewController.swift in Sources */ = {isa = PBXBuildFile; fileRef = 5F4C1B6625D32677006A84F9 /* Tab1RootViewController.swift */; };
		5F4C1B6A25D32677006A84F9 /* Main.storyboard in Resources */ = {isa = PBXBuildFile; fileRef = 5F4C1B6825D32677006A84F9 /* Main.storyboard */; };
		5F4C1B6C25D32679006A84F9 /* Assets.xcassets in Resources */ = {isa = PBXBuildFile; fileRef = 5F4C1B6B25D32679006A84F9 /* Assets.xcassets */; };
		5F4C1B6F25D32679006A84F9 /* LaunchScreen.storyboard in Resources */ = {isa = PBXBuildFile; fileRef = 5F4C1B6D25D32679006A84F9 /* LaunchScreen.storyboard */; };
		5F4C1B8925D327F1006A84F9 /* UIStoryboard+Ext.swift in Sources */ = {isa = PBXBuildFile; fileRef = 5F4C1B8825D327F1006A84F9 /* UIStoryboard+Ext.swift */; };
		5F4C1B8D25D32874006A84F9 /* UIApplication+Keyboard.swift in Sources */ = {isa = PBXBuildFile; fileRef = 5F4C1B8C25D32874006A84F9 /* UIApplication+Keyboard.swift */; };
		5F4C1B9125D328DF006A84F9 /* Tab2RootViewController.swift in Sources */ = {isa = PBXBuildFile; fileRef = 5F4C1B9025D328DF006A84F9 /* Tab2RootViewController.swift */; };
		5F6314B125DFB5C50040C157 /* FieldTableViewCell.swift in Sources */ = {isa = PBXBuildFile; fileRef = 5F6314AF25DFB5C50040C157 /* FieldTableViewCell.swift */; };
		5F6314B225DFB5C50040C157 /* FieldTableViewCell.xib in Resources */ = {isa = PBXBuildFile; fileRef = 5F6314B025DFB5C50040C157 /* FieldTableViewCell.xib */; };
		5F6314B825DFBBE40040C157 /* String+Capitalized.swift in Sources */ = {isa = PBXBuildFile; fileRef = 5F6314B725DFBBE40040C157 /* String+Capitalized.swift */; };
		5F9A1BC125DED83100BE0B84 /* UIColor+Ext.swift in Sources */ = {isa = PBXBuildFile; fileRef = 5F9A1BC025DED83000BE0B84 /* UIColor+Ext.swift */; };
		5F71788725F0363400B8C738 /* MovieTableViewCell.xib in Resources */ = {isa = PBXBuildFile; fileRef = 5F71788525F0363400B8C738 /* MovieTableViewCell.xib */; };
		5F71788825F0363400B8C738 /* MovieTableViewCell.swift in Sources */ = {isa = PBXBuildFile; fileRef = 5F71788625F0363400B8C738 /* MovieTableViewCell.swift */; };
		5F71789525F0371D00B8C738 /* UIView+IBInspectable.swift in Sources */ = {isa = PBXBuildFile; fileRef = 5F71789425F0371D00B8C738 /* UIView+IBInspectable.swift */; };
		5F71789925F03C5300B8C738 /* UIImage+Ext.swift in Sources */ = {isa = PBXBuildFile; fileRef = 5F71789825F03C5300B8C738 /* UIImage+Ext.swift */; };
		5FA4C87E25D570A70055E4E3 /* TableKit in Frameworks */ = {isa = PBXBuildFile; productRef = 5FA4C87D25D570A70055E4E3 /* TableKit */; };
		5FA4C88325D570F00055E4E3 /* Tab3RootViewController.swift in Sources */ = {isa = PBXBuildFile; fileRef = 5FA4C88225D570F00055E4E3 /* Tab3RootViewController.swift */; };
		5FA4C89025D571860055E4E3 /* Movie.swift in Sources */ = {isa = PBXBuildFile; fileRef = 5FA4C88F25D571860055E4E3 /* Movie.swift */; };
		5FA4C89525D576A20055E4E3 /* MoviesList.txt in Resources */ = {isa = PBXBuildFile; fileRef = 5FA4C89425D576A20055E4E3 /* MoviesList.txt */; };
		5FA4C89925D576CD0055E4E3 /* Pagination.swift in Sources */ = {isa = PBXBuildFile; fileRef = 5FA4C89825D576CD0055E4E3 /* Pagination.swift */; };
		5FAE16F125D3FCE90058A105 /* GraphView.swift in Sources */ = {isa = PBXBuildFile; fileRef = 5FAE16F025D3FCE90058A105 /* GraphView.swift */; };
		5FAE16F625D3FD000058A105 /* ChartView.swift in Sources */ = {isa = PBXBuildFile; fileRef = 5FAE16F525D3FD000058A105 /* ChartView.swift */; };
/* End PBXBuildFile section */

/* Begin PBXFileReference section */
		5F0D3E4E25D5919A0060E84C /* MoviesManager.swift */ = {isa = PBXFileReference; lastKnownFileType = sourcecode.swift; path = MoviesManager.swift; sourceTree = "<group>"; };
		5F0D3E6925D5DF970060E84C /* tt0080684.txt */ = {isa = PBXFileReference; fileEncoding = 4; lastKnownFileType = text; path = tt0080684.txt; sourceTree = "<group>"; };
		5F0D3E6A25D5DF970060E84C /* tt0796366.txt */ = {isa = PBXFileReference; fileEncoding = 4; lastKnownFileType = text; path = tt0796366.txt; sourceTree = "<group>"; };
		5F0D3E6B25D5DF970060E84C /* tt2527336.txt */ = {isa = PBXFileReference; fileEncoding = 4; lastKnownFileType = text; path = tt2527336.txt; sourceTree = "<group>"; };
		5F0D3E6C25D5DF980060E84C /* tt0121765.txt */ = {isa = PBXFileReference; fileEncoding = 4; lastKnownFileType = text; path = tt0121765.txt; sourceTree = "<group>"; };
		5F0D3E6D25D5DF980060E84C /* tt3748528.txt */ = {isa = PBXFileReference; fileEncoding = 4; lastKnownFileType = text; path = tt3748528.txt; sourceTree = "<group>"; };
		5F0D3E6E25D5DF980060E84C /* tt2488496.txt */ = {isa = PBXFileReference; fileEncoding = 4; lastKnownFileType = text; path = tt2488496.txt; sourceTree = "<group>"; };
		5F0D3E6F25D5DF980060E84C /* tt0086190.txt */ = {isa = PBXFileReference; fileEncoding = 4; lastKnownFileType = text; path = tt0086190.txt; sourceTree = "<group>"; };
		5F0D3E7025D5DF980060E84C /* tt0076759.txt */ = {isa = PBXFileReference; fileEncoding = 4; lastKnownFileType = text; path = tt0076759.txt; sourceTree = "<group>"; };
		5F0D3E7125D5DF980060E84C /* tt0120915.txt */ = {isa = PBXFileReference; fileEncoding = 4; lastKnownFileType = text; path = tt0120915.txt; sourceTree = "<group>"; };
		5F0D3E7225D5DF980060E84C /* tt0121766.txt */ = {isa = PBXFileReference; fileEncoding = 4; lastKnownFileType = text; path = tt0121766.txt; sourceTree = "<group>"; };
		5F0D3E7E25D5DFB60060E84C /* MovieDetailViewController.swift */ = {isa = PBXFileReference; lastKnownFileType = sourcecode.swift; path = MovieDetailViewController.swift; sourceTree = "<group>"; };
		5F0D3E8925D5E62B0060E84C /* UIResponder+Identifier.swift */ = {isa = PBXFileReference; lastKnownFileType = sourcecode.swift; path = "UIResponder+Identifier.swift"; sourceTree = "<group>"; };
		5F0D3E8D25D5E6820060E84C /* UIView+FromNib.swift */ = {isa = PBXFileReference; lastKnownFileType = sourcecode.swift; path = "UIView+FromNib.swift"; sourceTree = "<group>"; };
		5F0D3E9225D5F9F40060E84C /* CustomNavigationViewController.swift */ = {isa = PBXFileReference; lastKnownFileType = sourcecode.swift; path = CustomNavigationViewController.swift; sourceTree = "<group>"; };
		5F12156125E9701900B7FBDE /* MovieDetailSectionView.swift */ = {isa = PBXFileReference; lastKnownFileType = sourcecode.swift; path = MovieDetailSectionView.swift; sourceTree = "<group>"; };
		5F12156425E9702200B7FBDE /* MovieDetailSectionView.xib */ = {isa = PBXFileReference; lastKnownFileType = file.xib; path = MovieDetailSectionView.xib; sourceTree = "<group>"; };
		5F328AD225E95DE3007FD653 /* ShadowRoundedImageView.swift */ = {isa = PBXFileReference; lastKnownFileType = sourcecode.swift; path = ShadowRoundedImageView.swift; sourceTree = "<group>"; };
		5F4C1B5F25D32677006A84F9 /* MobileDev.app */ = {isa = PBXFileReference; explicitFileType = wrapper.application; includeInIndex = 0; path = MobileDev.app; sourceTree = BUILT_PRODUCTS_DIR; };
		5F4C1B6225D32677006A84F9 /* AppDelegate.swift */ = {isa = PBXFileReference; lastKnownFileType = sourcecode.swift; path = AppDelegate.swift; sourceTree = "<group>"; };
		5F4C1B6625D32677006A84F9 /* Tab1RootViewController.swift */ = {isa = PBXFileReference; lastKnownFileType = sourcecode.swift; path = Tab1RootViewController.swift; sourceTree = "<group>"; };
		5F4C1B6925D32677006A84F9 /* Base */ = {isa = PBXFileReference; lastKnownFileType = file.storyboard; name = Base; path = Base.lproj/Main.storyboard; sourceTree = "<group>"; };
		5F4C1B6B25D32679006A84F9 /* Assets.xcassets */ = {isa = PBXFileReference; lastKnownFileType = folder.assetcatalog; path = Assets.xcassets; sourceTree = "<group>"; };
		5F4C1B6E25D32679006A84F9 /* Base */ = {isa = PBXFileReference; lastKnownFileType = file.storyboard; name = Base; path = Base.lproj/LaunchScreen.storyboard; sourceTree = "<group>"; };
		5F4C1B7025D32679006A84F9 /* Info.plist */ = {isa = PBXFileReference; lastKnownFileType = text.plist.xml; path = Info.plist; sourceTree = "<group>"; };
		5F4C1B8825D327F1006A84F9 /* UIStoryboard+Ext.swift */ = {isa = PBXFileReference; lastKnownFileType = sourcecode.swift; path = "UIStoryboard+Ext.swift"; sourceTree = "<group>"; };
		5F4C1B8C25D32874006A84F9 /* UIApplication+Keyboard.swift */ = {isa = PBXFileReference; lastKnownFileType = sourcecode.swift; path = "UIApplication+Keyboard.swift"; sourceTree = "<group>"; };
		5F4C1B9025D328DF006A84F9 /* Tab2RootViewController.swift */ = {isa = PBXFileReference; lastKnownFileType = sourcecode.swift; path = Tab2RootViewController.swift; sourceTree = "<group>"; };
		5F6314AF25DFB5C50040C157 /* FieldTableViewCell.swift */ = {isa = PBXFileReference; lastKnownFileType = sourcecode.swift; path = FieldTableViewCell.swift; sourceTree = "<group>"; };
		5F6314B025DFB5C50040C157 /* FieldTableViewCell.xib */ = {isa = PBXFileReference; lastKnownFileType = file.xib; path = FieldTableViewCell.xib; sourceTree = "<group>"; };
		5F6314B725DFBBE40040C157 /* String+Capitalized.swift */ = {isa = PBXFileReference; lastKnownFileType = sourcecode.swift; path = "String+Capitalized.swift"; sourceTree = "<group>"; };
		5F9A1BC025DED83000BE0B84 /* UIColor+Ext.swift */ = {isa = PBXFileReference; lastKnownFileType = sourcecode.swift; path = "UIColor+Ext.swift"; sourceTree = "<group>"; };
		5F71788525F0363400B8C738 /* MovieTableViewCell.xib */ = {isa = PBXFileReference; fileEncoding = 4; lastKnownFileType = file.xib; path = MovieTableViewCell.xib; sourceTree = "<group>"; };
		5F71788625F0363400B8C738 /* MovieTableViewCell.swift */ = {isa = PBXFileReference; fileEncoding = 4; lastKnownFileType = sourcecode.swift; path = MovieTableViewCell.swift; sourceTree = "<group>"; };
		5F71789425F0371D00B8C738 /* UIView+IBInspectable.swift */ = {isa = PBXFileReference; fileEncoding = 4; lastKnownFileType = sourcecode.swift; path = "UIView+IBInspectable.swift"; sourceTree = "<group>"; };
		5F71789825F03C5300B8C738 /* UIImage+Ext.swift */ = {isa = PBXFileReference; lastKnownFileType = sourcecode.swift; path = "UIImage+Ext.swift"; sourceTree = "<group>"; };
		5FA4C88225D570F00055E4E3 /* Tab3RootViewController.swift */ = {isa = PBXFileReference; lastKnownFileType = sourcecode.swift; path = Tab3RootViewController.swift; sourceTree = "<group>"; };
		5FA4C88F25D571860055E4E3 /* Movie.swift */ = {isa = PBXFileReference; lastKnownFileType = sourcecode.swift; path = Movie.swift; sourceTree = "<group>"; };
		5FA4C89425D576A20055E4E3 /* MoviesList.txt */ = {isa = PBXFileReference; fileEncoding = 4; lastKnownFileType = text; path = MoviesList.txt; sourceTree = "<group>"; };
		5FA4C89825D576CD0055E4E3 /* Pagination.swift */ = {isa = PBXFileReference; lastKnownFileType = sourcecode.swift; path = Pagination.swift; sourceTree = "<group>"; };
		5FAE16F025D3FCE90058A105 /* GraphView.swift */ = {isa = PBXFileReference; lastKnownFileType = sourcecode.swift; path = GraphView.swift; sourceTree = "<group>"; };
		5FAE16F525D3FD000058A105 /* ChartView.swift */ = {isa = PBXFileReference; lastKnownFileType = sourcecode.swift; path = ChartView.swift; sourceTree = "<group>"; };
		5F4C1B9925D33362006A84F9 /* ProgrammingAssignment1_2.playground */ = {isa = PBXFileReference; lastKnownFileType = file.playground; path = ProgrammingAssignment1_2.playground; sourceTree = "<group>"; xcLanguageSpecificationIdentifier = xcode.lang.swift; };
/* End PBXFileReference section */

/* Begin PBXFrameworksBuildPhase section */
		5F4C1B5C25D32677006A84F9 /* Frameworks */ = {
			isa = PBXFrameworksBuildPhase;
			buildActionMask = 2147483647;
			files = (
				5FA4C87E25D570A70055E4E3 /* TableKit in Frameworks */,
			);
			runOnlyForDeploymentPostprocessing = 0;
		};
/* End PBXFrameworksBuildPhase section */

/* Begin PBXGroup section */
		5F0D3E4D25D591700060E84C /* Managers */ = {
			isa = PBXGroup;
			children = (
				5F0D3E4E25D5919A0060E84C /* MoviesManager.swift */,
			);
			path = Managers;
			sourceTree = "<group>";
		};
		5F0D3E6825D5DF8C0060E84C /* MovieDetails */ = {
			isa = PBXGroup;
			children = (
				5F0D3E7025D5DF980060E84C /* tt0076759.txt */,
				5F0D3E6925D5DF970060E84C /* tt0080684.txt */,
				5F0D3E6F25D5DF980060E84C /* tt0086190.txt */,
				5F0D3E7125D5DF980060E84C /* tt0120915.txt */,
				5F0D3E6C25D5DF980060E84C /* tt0121765.txt */,
				5F0D3E7225D5DF980060E84C /* tt0121766.txt */,
				5F0D3E6A25D5DF970060E84C /* tt0796366.txt */,
				5F0D3E6E25D5DF980060E84C /* tt2488496.txt */,
				5F0D3E6B25D5DF970060E84C /* tt2527336.txt */,
				5F0D3E6D25D5DF980060E84C /* tt3748528.txt */,
			);
			path = MovieDetails;
			sourceTree = "<group>";
		};
		5F0D3E8825D5E61E0060E84C /* UIView */ = {
			isa = PBXGroup;
			children = (
				5F0D3E8D25D5E6820060E84C /* UIView+FromNib.swift */,
				5F328AD525E95E76007FD653 /* UIView+IBInspectable.swift */,
			);
			path = UIView;
			sourceTree = "<group>";
		};
		5F0D3E9025D5E6850060E84C /* UIResponder */ = {
			isa = PBXGroup;
			children = (
				5F0D3E8925D5E62B0060E84C /* UIResponder+Identifier.swift */,
			);
			path = UIResponder;
			sourceTree = "<group>";
		};
		5F12156725E9702800B7FBDE /* MovieDetailSectionView */ = {
			isa = PBXGroup;
			children = (
				5F12156125E9701900B7FBDE /* MovieDetailSectionView.swift */,
				5F12156425E9702200B7FBDE /* MovieDetailSectionView.xib */,
			);
			path = MovieDetailSectionView;
			sourceTree = "<group>";
		};
		5F4C1B5625D32677006A84F9 = {
			isa = PBXGroup;
			children = (
				5F4C1B9925D33362006A84F9 /* ProgrammingAssignment1_2.playground */,
				5F4C1B6125D32677006A84F9 /* MobileDev */,
				5F4C1B6025D32677006A84F9 /* Products */,
			);
			sourceTree = "<group>";
		};
		5F4C1B6025D32677006A84F9 /* Products */ = {
			isa = PBXGroup;
			children = (
				5F4C1B5F25D32677006A84F9 /* MobileDev.app */,
			);
			name = Products;
			sourceTree = "<group>";
		};
		5F4C1B6125D32677006A84F9 /* MobileDev */ = {
			isa = PBXGroup;
			children = (
				5F4C1B7925D326BA006A84F9 /* Classes */,
				5F4C1B7A25D326CB006A84F9 /* Common */,
				5F4C1B7B25D326D1006A84F9 /* Resources */,
				5F4C1B9425D32EF8006A84F9 /* Storyboards */,
			);
			path = MobileDev;
			sourceTree = "<group>";
		};
		5F4C1B7925D326BA006A84F9 /* Classes */ = {
			isa = PBXGroup;
			children = (
				5F4C1B7F25D3271D006A84F9 /* ViewControllers */,
				5FA4C88E25D571750055E4E3 /* Models */,
				5F0D3E4D25D591700060E84C /* Managers */,
			);
			path = Classes;
			sourceTree = "<group>";
		};
		5F4C1B7A25D326CB006A84F9 /* Common */ = {
			isa = PBXGroup;
			children = (
				5F4C1B8425D327B5006A84F9 /* Extensions */,
				5F4C1B7D25D32707006A84F9 /* App */,
			);
			path = Common;
			sourceTree = "<group>";
		};
		5F4C1B7B25D326D1006A84F9 /* Resources */ = {
			isa = PBXGroup;
			children = (
				5FA4C89425D576A20055E4E3 /* MoviesList.txt */,
				5F0D3E6825D5DF8C0060E84C /* MovieDetails */,
				5F4C1B6B25D32679006A84F9 /* Assets.xcassets */,
				5F4C1B7025D32679006A84F9 /* Info.plist */,
			);
			path = Resources;
			sourceTree = "<group>";
		};
		5F4C1B7D25D32707006A84F9 /* App */ = {
			isa = PBXGroup;
			children = (
				5F4C1B6225D32677006A84F9 /* AppDelegate.swift */,
			);
			path = App;
			sourceTree = "<group>";
		};
		5F4C1B7F25D3271D006A84F9 /* ViewControllers */ = {
			isa = PBXGroup;
			children = (
				5F4C1B8225D32750006A84F9 /* Tab1 */,
				5F4C1B8F25D328CF006A84F9 /* Tab2 */,
				5FA4C88025D570B10055E4E3 /* Tab3 */,
				5FB4685125E04D9C00E7E1C3 /* Common */,
			);
			path = ViewControllers;
			sourceTree = "<group>";
		};
		5F4C1B8225D32750006A84F9 /* Tab1 */ = {
			isa = PBXGroup;
			children = (
				5F4C1B6625D32677006A84F9 /* Tab1RootViewController.swift */,
			);
			path = Tab1;
			sourceTree = "<group>";
		};
		5F4C1B8425D327B5006A84F9 /* Extensions */ = {
			isa = PBXGroup;
			children = (
				5F6314B525DFBBC20040C157 /* Foundation */,
				5F71789725F03C4600B8C738 /* UIImage */,
				5F4C1B8625D327C2006A84F9 /* UIApplication */,
				5F4C1B8525D327BC006A84F9 /* UIKit */,
			);
			path = Extensions;
			sourceTree = "<group>";
		};
		5F4C1B8525D327BC006A84F9 /* UIKit */ = {
			isa = PBXGroup;
			children = (
				5F9A1BBF25DED82400BE0B84 /* UIColor */,
				5F71789325F036F200B8C738 /* UIView */,
				5F4C1B8725D327DA006A84F9 /* UIStoryboard */,
				5F0D3E9025D5E6850060E84C /* UIResponder */,
			);
			path = UIKit;
			sourceTree = "<group>";
		};
		5F4C1B8625D327C2006A84F9 /* UIApplication */ = {
			isa = PBXGroup;
			children = (
				5F4C1B8C25D32874006A84F9 /* UIApplication+Keyboard.swift */,
			);
			path = UIApplication;
			sourceTree = "<group>";
		};
		5F4C1B8725D327DA006A84F9 /* UIStoryboard */ = {
			isa = PBXGroup;
			children = (
				5F4C1B8825D327F1006A84F9 /* UIStoryboard+Ext.swift */,
			);
			path = UIStoryboard;
			sourceTree = "<group>";
		};
		5F4C1B8F25D328CF006A84F9 /* Tab2 */ = {
			isa = PBXGroup;
			children = (
				5F4C1B9025D328DF006A84F9 /* Tab2RootViewController.swift */,
				5FAE16EF25D3FCBA0058A105 /* Views */,
			);
			path = Tab2;
			sourceTree = "<group>";
		};
		5F4C1B9425D32EF8006A84F9 /* Storyboards */ = {
			isa = PBXGroup;
			children = (
				5F4C1B6825D32677006A84F9 /* Main.storyboard */,
				5F4C1B6D25D32679006A84F9 /* LaunchScreen.storyboard */,
			);
			path = Storyboards;
			sourceTree = "<group>";
		};
		5F6314AE25DFB5960040C157 /* FieldTableViewCell */ = {
			isa = PBXGroup;
			children = (
				5F6314AF25DFB5C50040C157 /* FieldTableViewCell.swift */,
				5F6314B025DFB5C50040C157 /* FieldTableViewCell.xib */,
			);
			path = FieldTableViewCell;
			sourceTree = "<group>";
		};
		5F6314B525DFBBC20040C157 /* Foundation */ = {
			isa = PBXGroup;
			children = (
				5F6314B625DFBBC80040C157 /* String */,
			);
			path = Foundation;
			sourceTree = "<group>";
		};
		5F6314B625DFBBC80040C157 /* String */ = {
			isa = PBXGroup;
			children = (
				5F6314B725DFBBE40040C157 /* String+Capitalized.swift */,
			);
			path = String;
			sourceTree = "<group>";
		};
		5F9A1BBF25DED82400BE0B84 /* UIColor */ = {
			isa = PBXGroup;
			children = (
				5F9A1BC025DED83000BE0B84 /* UIColor+Ext.swift */,
			);
			path = UIColor;
			sourceTree = "<group>";
		};
		5FA4C88025D570B10055E4E3 /* Tab3 */ = {
			isa = PBXGroup;
			children = (
				5FA4C88225D570F00055E4E3 /* Tab3RootViewController.swift */,
				5F0D3E7E25D5DFB60060E84C /* MovieDetailViewController.swift */,
				5F12156725E9702800B7FBDE /* MovieDetailSectionView */,
				5F6314AE25DFB5960040C157 /* FieldTableViewCell */,
				5FA4C88625D571010055E4E3 /* FilmTableViewCell */,
				5F71788425F0363400B8C738 /* MovieTableViewCell */,
				);
			path = Tab3;
			sourceTree = "<group>";
		};
		5F71788425F0363400B8C738 /* MovieTableViewCell */ = {
			isa = PBXGroup;
			children = (
				5F71788625F0363400B8C738 /* MovieTableViewCell.swift */,
				5F71788525F0363400B8C738 /* MovieTableViewCell.xib */,
			);
			path = MovieTableViewCell;
			sourceTree = "<group>";
		};
		5F71789325F036F200B8C738 /* UIView */ = {
			isa = PBXGroup;
			children = (
				5F0D3E8D25D5E6820060E84C /* UIView+FromNib.swift */,
				5F71789425F0371D00B8C738 /* UIView+IBInspectable.swift */,
			);
			path = UIView;
			sourceTree = "<group>";
		};
		5F71789725F03C4600B8C738 /* UIImage */ = {
			isa = PBXGroup;
			children = (
				5F71789825F03C5300B8C738 /* UIImage+Ext.swift */,
			);
			path = UIImage;
			sourceTree = "<group>";
		};
		5FA4C88E25D571750055E4E3 /* Models */ = {
			isa = PBXGroup;
			children = (
				5FA4C88F25D571860055E4E3 /* Movie.swift */,
				5FA4C89825D576CD0055E4E3 /* Pagination.swift */,
			);
			path = Models;
			sourceTree = "<group>";
		};
		5FAE16EF25D3FCBA0058A105 /* Views */ = {
			isa = PBXGroup;
			children = (
				5FAE16F525D3FD000058A105 /* ChartView.swift */,
				5FAE16F025D3FCE90058A105 /* GraphView.swift */,
			);
			path = Views;
			sourceTree = "<group>";
		};
		5FB4685125E04D9C00E7E1C3 /* Common */ = {
			isa = PBXGroup;
			children = (
				5F0D3E9225D5F9F40060E84C /* CustomNavigationViewController.swift */,
				5F328AD225E95DE3007FD653 /* ShadowRoundedImageView.swift */,
			);
			path = Common;
			sourceTree = "<group>";
		};
/* End PBXGroup section */

/* Begin PBXNativeTarget section */
		5F4C1B5E25D32677006A84F9 /* MobileDev */ = {
			isa = PBXNativeTarget;
			buildConfigurationList = 5F4C1B7325D32679006A84F9 /* Build configuration list for PBXNativeTarget "MobileDev" */;
			buildPhases = (
				5F4C1B5B25D32677006A84F9 /* Sources */,
				5F4C1B5C25D32677006A84F9 /* Frameworks */,
				5F4C1B5D25D32677006A84F9 /* Resources */,
			);
			buildRules = (
			);
			dependencies = (
			);
			name = MobileDev;
			packageProductDependencies = (
				5FA4C87D25D570A70055E4E3 /* TableKit */,
			);
			productName = MobileDev;
			productReference = 5F4C1B5F25D32677006A84F9 /* MobileDev.app */;
			productType = "com.apple.product-type.application";
		};
/* End PBXNativeTarget section */

/* Begin PBXProject section */
		5F4C1B5725D32677006A84F9 /* Project object */ = {
			isa = PBXProject;
			attributes = {
				LastSwiftUpdateCheck = 1240;
				LastUpgradeCheck = 1240;
				TargetAttributes = {
					5F4C1B5E25D32677006A84F9 = {
						CreatedOnToolsVersion = 12.4;
					};
				};
			};
			buildConfigurationList = 5F4C1B5A25D32677006A84F9 /* Build configuration list for PBXProject "MobileDev" */;
			compatibilityVersion = "Xcode 9.3";
			developmentRegion = en;
			hasScannedForEncodings = 0;
			knownRegions = (
				en,
				Base,
			);
			mainGroup = 5F4C1B5625D32677006A84F9;
			packageReferences = (
				5FA4C87C25D570A70055E4E3 /* XCRemoteSwiftPackageReference "TableKit" */,
			);
			productRefGroup = 5F4C1B6025D32677006A84F9 /* Products */;
			projectDirPath = "";
			projectRoot = "";
			targets = (
				5F4C1B5E25D32677006A84F9 /* MobileDev */,
			);
		};
/* End PBXProject section */

/* Begin PBXResourcesBuildPhase section */
		5F4C1B5D25D32677006A84F9 /* Resources */ = {
			isa = PBXResourcesBuildPhase;
			buildActionMask = 2147483647;
			files = (
				5F0D3E7725D5DF980060E84C /* tt3748528.txt in Resources */,
				5F0D3E7B25D5DF980060E84C /* tt0120915.txt in Resources */,
				5FA4C89525D576A20055E4E3 /* MoviesList.txt in Resources */,
				5F4C1B6F25D32679006A84F9 /* LaunchScreen.storyboard in Resources */,
				5F0D3E7625D5DF980060E84C /* tt0121765.txt in Resources */,
				5F71788725F0363400B8C738 /* MovieTableViewCell.xib in Resources */,
				5F4C1B6C25D32679006A84F9 /* Assets.xcassets in Resources */,
				5F4C1B6A25D32677006A84F9 /* Main.storyboard in Resources */,
				5F0D3E7C25D5DF980060E84C /* tt0121766.txt in Resources */,
				5F0D3E7825D5DF980060E84C /* tt2488496.txt in Resources */,
				5F0D3E7A25D5DF980060E84C /* tt0076759.txt in Resources */,
				5F0D3E7425D5DF980060E84C /* tt0796366.txt in Resources */,
				5F12156525E9702200B7FBDE /* MovieDetailSectionView.xib in Resources */,
				5F0D3E7325D5DF980060E84C /* tt0080684.txt in Resources */,
				5F0D3E7525D5DF980060E84C /* tt2527336.txt in Resources */,
				5F6314B225DFB5C50040C157 /* FieldTableViewCell.xib in Resources */,
				5F0D3E7925D5DF980060E84C /* tt0086190.txt in Resources */,
			);
			runOnlyForDeploymentPostprocessing = 0;
		};
/* End PBXResourcesBuildPhase section */

/* Begin PBXSourcesBuildPhase section */
		5F4C1B5B25D32677006A84F9 /* Sources */ = {
			isa = PBXSourcesBuildPhase;
			buildActionMask = 2147483647;
			files = (
				5F71789925F03C5300B8C738 /* UIImage+Ext.swift in Sources */,
				5F4C1B9125D328DF006A84F9 /* Tab2RootViewController.swift in Sources */,
				5F4C1B6725D32677006A84F9 /* Tab1RootViewController.swift in Sources */,
				5F4C1B8D25D32874006A84F9 /* UIApplication+Keyboard.swift in Sources */,
				5FAE16F625D3FD000058A105 /* ChartView.swift in Sources */,
				5F0D3E7F25D5DFB60060E84C /* MovieDetailViewController.swift in Sources */,
				5F12156225E9701900B7FBDE /* MovieDetailSectionView.swift in Sources */,
				5F0D3E8E25D5E6820060E84C /* UIView+FromNib.swift in Sources */,
				5F9A1BC125DED83100BE0B84 /* UIColor+Ext.swift in Sources */,
				5F0D3E4F25D5919A0060E84C /* MoviesManager.swift in Sources */,
				5F6314B825DFBBE40040C157 /* String+Capitalized.swift in Sources */,
				5F6314B125DFB5C50040C157 /* FieldTableViewCell.swift in Sources */,
				5F328AD325E95DE3007FD653 /* ShadowRoundedImageView.swift in Sources */,
				5FA4C88325D570F00055E4E3 /* Tab3RootViewController.swift in Sources */,
				5FA4C89025D571860055E4E3 /* Movie.swift in Sources */,
				5F0D3E9325D5F9F40060E84C /* CustomNavigationViewController.swift in Sources */,
				5F4C1B6325D32677006A84F9 /* AppDelegate.swift in Sources */,
				5F0D3E8A25D5E62B0060E84C /* UIResponder+Identifier.swift in Sources */,
				5FA4C89925D576CD0055E4E3 /* Pagination.swift in Sources */,
				5F71789525F0371D00B8C738 /* UIView+IBInspectable.swift in Sources */,
				5F4C1B8925D327F1006A84F9 /* UIStoryboard+Ext.swift in Sources */,
				5FAE16F125D3FCE90058A105 /* GraphView.swift in Sources */,
				5F71788825F0363400B8C738 /* MovieTableViewCell.swift in Sources */,
			);
			runOnlyForDeploymentPostprocessing = 0;
		};
/* End PBXSourcesBuildPhase section */

/* Begin PBXVariantGroup section */
		5F4C1B6825D32677006A84F9 /* Main.storyboard */ = {
			isa = PBXVariantGroup;
			children = (
				5F4C1B6925D32677006A84F9 /* Base */,
			);
			name = Main.storyboard;
			sourceTree = "<group>";
		};
		5F4C1B6D25D32679006A84F9 /* LaunchScreen.storyboard */ = {
			isa = PBXVariantGroup;
			children = (
				5F4C1B6E25D32679006A84F9 /* Base */,
			);
			name = LaunchScreen.storyboard;
			sourceTree = "<group>";
		};
/* End PBXVariantGroup section */

/* Begin XCBuildConfiguration section */
		5F4C1B7125D32679006A84F9 /* Debug */ = {
			isa = XCBuildConfiguration;
			buildSettings = {
				ALWAYS_SEARCH_USER_PATHS = NO;
				CLANG_ANALYZER_NONNULL = YES;
				CLANG_ANALYZER_NUMBER_OBJECT_CONVERSION = YES_AGGRESSIVE;
				CLANG_CXX_LANGUAGE_STANDARD = "gnu++14";
				CLANG_CXX_LIBRARY = "libc++";
				CLANG_ENABLE_MODULES = YES;
				CLANG_ENABLE_OBJC_ARC = YES;
				CLANG_ENABLE_OBJC_WEAK = YES;
				CLANG_WARN_BLOCK_CAPTURE_AUTORELEASING = YES;
				CLANG_WARN_BOOL_CONVERSION = YES;
				CLANG_WARN_COMMA = YES;
				CLANG_WARN_CONSTANT_CONVERSION = YES;
				CLANG_WARN_DEPRECATED_OBJC_IMPLEMENTATIONS = YES;
				CLANG_WARN_DIRECT_OBJC_ISA_USAGE = YES_ERROR;
				CLANG_WARN_DOCUMENTATION_COMMENTS = YES;
				CLANG_WARN_EMPTY_BODY = YES;
				CLANG_WARN_ENUM_CONVERSION = YES;
				CLANG_WARN_INFINITE_RECURSION = YES;
				CLANG_WARN_INT_CONVERSION = YES;
				CLANG_WARN_NON_LITERAL_NULL_CONVERSION = YES;
				CLANG_WARN_OBJC_IMPLICIT_RETAIN_SELF = YES;
				CLANG_WARN_OBJC_LITERAL_CONVERSION = YES;
				CLANG_WARN_OBJC_ROOT_CLASS = YES_ERROR;
				CLANG_WARN_QUOTED_INCLUDE_IN_FRAMEWORK_HEADER = YES;
				CLANG_WARN_RANGE_LOOP_ANALYSIS = YES;
				CLANG_WARN_STRICT_PROTOTYPES = YES;
				CLANG_WARN_SUSPICIOUS_MOVE = YES;
				CLANG_WARN_UNGUARDED_AVAILABILITY = YES_AGGRESSIVE;
				CLANG_WARN_UNREACHABLE_CODE = YES;
				CLANG_WARN__DUPLICATE_METHOD_MATCH = YES;
				COPY_PHASE_STRIP = NO;
				DEBUG_INFORMATION_FORMAT = dwarf;
				ENABLE_STRICT_OBJC_MSGSEND = YES;
				ENABLE_TESTABILITY = YES;
				GCC_C_LANGUAGE_STANDARD = gnu11;
				GCC_DYNAMIC_NO_PIC = NO;
				GCC_NO_COMMON_BLOCKS = YES;
				GCC_OPTIMIZATION_LEVEL = 0;
				GCC_PREPROCESSOR_DEFINITIONS = (
					"DEBUG=1",
					"$(inherited)",
				);
				GCC_WARN_64_TO_32_BIT_CONVERSION = YES;
				GCC_WARN_ABOUT_RETURN_TYPE = YES_ERROR;
				GCC_WARN_UNDECLARED_SELECTOR = YES;
				GCC_WARN_UNINITIALIZED_AUTOS = YES_AGGRESSIVE;
				GCC_WARN_UNUSED_FUNCTION = YES;
				GCC_WARN_UNUSED_VARIABLE = YES;
				IPHONEOS_DEPLOYMENT_TARGET = 14.4;
				MTL_ENABLE_DEBUG_INFO = INCLUDE_SOURCE;
				MTL_FAST_MATH = YES;
				ONLY_ACTIVE_ARCH = YES;
				SDKROOT = iphoneos;
				SWIFT_ACTIVE_COMPILATION_CONDITIONS = DEBUG;
				SWIFT_OPTIMIZATION_LEVEL = "-Onone";
			};
			name = Debug;
		};
		5F4C1B7225D32679006A84F9 /* Release */ = {
			isa = XCBuildConfiguration;
			buildSettings = {
				ALWAYS_SEARCH_USER_PATHS = NO;
				CLANG_ANALYZER_NONNULL = YES;
				CLANG_ANALYZER_NUMBER_OBJECT_CONVERSION = YES_AGGRESSIVE;
				CLANG_CXX_LANGUAGE_STANDARD = "gnu++14";
				CLANG_CXX_LIBRARY = "libc++";
				CLANG_ENABLE_MODULES = YES;
				CLANG_ENABLE_OBJC_ARC = YES;
				CLANG_ENABLE_OBJC_WEAK = YES;
				CLANG_WARN_BLOCK_CAPTURE_AUTORELEASING = YES;
				CLANG_WARN_BOOL_CONVERSION = YES;
				CLANG_WARN_COMMA = YES;
				CLANG_WARN_CONSTANT_CONVERSION = YES;
				CLANG_WARN_DEPRECATED_OBJC_IMPLEMENTATIONS = YES;
				CLANG_WARN_DIRECT_OBJC_ISA_USAGE = YES_ERROR;
				CLANG_WARN_DOCUMENTATION_COMMENTS = YES;
				CLANG_WARN_EMPTY_BODY = YES;
				CLANG_WARN_ENUM_CONVERSION = YES;
				CLANG_WARN_INFINITE_RECURSION = YES;
				CLANG_WARN_INT_CONVERSION = YES;
				CLANG_WARN_NON_LITERAL_NULL_CONVERSION = YES;
				CLANG_WARN_OBJC_IMPLICIT_RETAIN_SELF = YES;
				CLANG_WARN_OBJC_LITERAL_CONVERSION = YES;
				CLANG_WARN_OBJC_ROOT_CLASS = YES_ERROR;
				CLANG_WARN_QUOTED_INCLUDE_IN_FRAMEWORK_HEADER = YES;
				CLANG_WARN_RANGE_LOOP_ANALYSIS = YES;
				CLANG_WARN_STRICT_PROTOTYPES = YES;
				CLANG_WARN_SUSPICIOUS_MOVE = YES;
				CLANG_WARN_UNGUARDED_AVAILABILITY = YES_AGGRESSIVE;
				CLANG_WARN_UNREACHABLE_CODE = YES;
				CLANG_WARN__DUPLICATE_METHOD_MATCH = YES;
				COPY_PHASE_STRIP = NO;
				DEBUG_INFORMATION_FORMAT = "dwarf-with-dsym";
				ENABLE_NS_ASSERTIONS = NO;
				ENABLE_STRICT_OBJC_MSGSEND = YES;
				GCC_C_LANGUAGE_STANDARD = gnu11;
				GCC_NO_COMMON_BLOCKS = YES;
				GCC_WARN_64_TO_32_BIT_CONVERSION = YES;
				GCC_WARN_ABOUT_RETURN_TYPE = YES_ERROR;
				GCC_WARN_UNDECLARED_SELECTOR = YES;
				GCC_WARN_UNINITIALIZED_AUTOS = YES_AGGRESSIVE;
				GCC_WARN_UNUSED_FUNCTION = YES;
				GCC_WARN_UNUSED_VARIABLE = YES;
				IPHONEOS_DEPLOYMENT_TARGET = 14.4;
				MTL_ENABLE_DEBUG_INFO = NO;
				MTL_FAST_MATH = YES;
				SDKROOT = iphoneos;
				SWIFT_COMPILATION_MODE = wholemodule;
				SWIFT_OPTIMIZATION_LEVEL = "-O";
				VALIDATE_PRODUCT = YES;
			};
			name = Release;
		};
		5F4C1B7425D32679006A84F9 /* Debug */ = {
			isa = XCBuildConfiguration;
			buildSettings = {
				ASSETCATALOG_COMPILER_APPICON_NAME = AppIcon;
				ASSETCATALOG_COMPILER_GLOBAL_ACCENT_COLOR_NAME = AccentColor;
				CODE_SIGN_STYLE = Automatic;
				DEVELOPMENT_TEAM = M92VXVU7J9;
				INFOPLIST_FILE = MobileDev/Resources/Info.plist;
				LD_RUNPATH_SEARCH_PATHS = (
					"$(inherited)",
					"@executable_path/Frameworks",
				);
				PRODUCT_BUNDLE_IDENTIFIER = ua.kpi.comsys.iv8208.MobileDev;
				PRODUCT_NAME = "$(TARGET_NAME)";
				SWIFT_VERSION = 5.0;
				TARGETED_DEVICE_FAMILY = "1,2";
			};
			name = Debug;
		};
		5F4C1B7525D32679006A84F9 /* Release */ = {
			isa = XCBuildConfiguration;
			buildSettings = {
				ASSETCATALOG_COMPILER_APPICON_NAME = AppIcon;
				ASSETCATALOG_COMPILER_GLOBAL_ACCENT_COLOR_NAME = AccentColor;
				CODE_SIGN_STYLE = Automatic;
				DEVELOPMENT_TEAM = M92VXVU7J9;
				INFOPLIST_FILE = MobileDev/Resources/Info.plist;
				LD_RUNPATH_SEARCH_PATHS = (
					"$(inherited)",
					"@executable_path/Frameworks",
				);
				PRODUCT_BUNDLE_IDENTIFIER = ua.kpi.comsys.iv8208.MobileDev;
				PRODUCT_NAME = "$(TARGET_NAME)";
				SWIFT_VERSION = 5.0;
				TARGETED_DEVICE_FAMILY = "1,2";
			};
			name = Release;
		};
/* End XCBuildConfiguration section */

/* Begin XCConfigurationList section */
		5F4C1B5A25D32677006A84F9 /* Build configuration list for PBXProject "MobileDev" */ = {
			isa = XCConfigurationList;
			buildConfigurations = (
				5F4C1B7125D32679006A84F9 /* Debug */,
				5F4C1B7225D32679006A84F9 /* Release */,
			);
			defaultConfigurationIsVisible = 0;
			defaultConfigurationName = Release;
		};
		5F4C1B7325D32679006A84F9 /* Build configuration list for PBXNativeTarget "MobileDev" */ = {
			isa = XCConfigurationList;
			buildConfigurations = (
				5F4C1B7425D32679006A84F9 /* Debug */,
				5F4C1B7525D32679006A84F9 /* Release */,
			);
			defaultConfigurationIsVisible = 0;
			defaultConfigurationName = Release;
		};
/* End XCConfigurationList section */

/* Begin XCRemoteSwiftPackageReference section */
		5FA4C87C25D570A70055E4E3 /* XCRemoteSwiftPackageReference "TableKit" */ = {
			isa = XCRemoteSwiftPackageReference;
			repositoryURL = "https://github.com/maxsokolov/TableKit.git";
			requirement = {
				kind = upToNextMajorVersion;
				minimumVersion = 2.11.0;
			};
		};
/* End XCRemoteSwiftPackageReference section */

/* Begin XCSwiftPackageProductDependency section */
		5FA4C87D25D570A70055E4E3 /* TableKit */ = {
			isa = XCSwiftPackageProductDependency;
			package = 5FA4C87C25D570A70055E4E3 /* XCRemoteSwiftPackageReference "TableKit" */;
			productName = TableKit;
		};
/* End XCSwiftPackageProductDependency section */
	};
	rootObject = 5F4C1B5725D32677006A84F9 /* Project object */;
}
